
Microsoft Visual Studio Solution File, Format Version 12.00
# Visual Studio 15
VisualStudioVersion = 15.0.28307.902
MinimumVisualStudioVersion = 10.0.40219.1
Project("{8BC9CEB8-8B4A-11D0-8D11-00A0C91BC942}") = "RubberbandOsgWrapper", "RubberbandOsgWrapper.vcxproj", "{E42BCD5B-E9E3-4272-AE88-E387DB3DD031}"
EndProject
Global
	GlobalSection(SolutionConfigurationPlatforms) = preSolution
		Debug|x64 = Debug|x64
		Release|x64 = Release|x64
	EndGlobalSection
	GlobalSection(ProjectConfigurationPlatforms) = postSolution
		{E42BCD5B-E9E3-4272-AE88-E387DB3DD031}.Debug|x64.ActiveCfg = Debug|x64
		{E42BCD5B-E9E3-4272-AE88-E387DB3DD031}.Debug|x64.Build.0 = Debug|x64
		{E42BCD5B-E9E3-4272-AE88-E387DB3DD031}.Release|x64.ActiveCfg = Release|x64
		{E42BCD5B-E9E3-4272-AE88-E387DB3DD031}.Release|x64.Build.0 = Release|x64
	EndGlobalSection
	GlobalSection(SolutionProperties) = preSolution
		HideSolutionNode = FALSE
	EndGlobalSection
	GlobalSection(ExtensibilityGlobals) = postSolution
		SolutionGuid = {0F84B3C8-E640-471C-893B-F166CA733613}
	EndGlobalSection
EndGlobal
